
Microsoft Visual Studio Solution File, Format Version 12.00
# Visual Studio 15
VisualStudioVersion = 15.0.28307.1267
MinimumVisualStudioVersion = 10.0.40219.1
Project("{FAE04EC0-301F-11D3-BF4B-00C04F79EFBC}") = "remedioClientForms", "remedioClientForms\remedioClientForms.csproj", "{9DDEEC4D-FBA0-46D1-A6DC-014B53DEF17A}"
EndProject
Global
	GlobalSection(SolutionConfigurationPlatforms) = preSolution
		Debug|Any CPU = Debug|Any CPU
		Release|Any CPU = Release|Any CPU
	EndGlobalSection
	GlobalSection(ProjectConfigurationPlatforms) = postSolution
		{9DDEEC4D-FBA0-46D1-A6DC-014B53DEF17A}.Debug|Any CPU.ActiveCfg = Debug|Any CPU
		{9DDEEC4D-FBA0-46D1-A6DC-014B53DEF17A}.Debug|Any CPU.Build.0 = Debug|Any CPU
		{9DDEEC4D-FBA0-46D1-A6DC-014B53DEF17A}.Release|Any CPU.ActiveCfg = Release|Any CPU
		{9DDEEC4D-FBA0-46D1-A6DC-014B53DEF17A}.Release|Any CPU.Build.0 = Release|Any CPU
	EndGlobalSection
	GlobalSection(SolutionProperties) = preSolution
		HideSolutionNode = FALSE
	EndGlobalSection
	GlobalSection(ExtensibilityGlobals) = postSolution
		SolutionGuid = {81F42832-6D55-4961-83AD-1B6C3091D0B9}
	EndGlobalSection
EndGlobal
